
Microsoft Visual Studio Solution File, Format Version 11.00
# Visual Studio 2010
Project("{54435603-DBB4-11D2-8724-00A0C9A8B90C}") = "LoadAppMerge", "LoadAppMerge\LoadAppMerge.vdproj", "{4B3B0564-9A81-45AB-B43D-E1BAFAED94BF}"
EndProject
Global
	GlobalSection(SolutionConfigurationPlatforms) = preSolution
		Debug|Default = Debug|Default
		Release|Default = Release|Default
	EndGlobalSection
	GlobalSection(ProjectConfigurationPlatforms) = postSolution
		{4B3B0564-9A81-45AB-B43D-E1BAFAED94BF}.Debug|Default.ActiveCfg = Debug
		{4B3B0564-9A81-45AB-B43D-E1BAFAED94BF}.Debug|Default.Build.0 = Debug
		{4B3B0564-9A81-45AB-B43D-E1BAFAED94BF}.Release|Default.ActiveCfg = Release
		{4B3B0564-9A81-45AB-B43D-E1BAFAED94BF}.Release|Default.Build.0 = Release
	EndGlobalSection
	GlobalSection(SolutionProperties) = preSolution
		HideSolutionNode = FALSE
	EndGlobalSection
EndGlobal
