
Microsoft Visual Studio Solution File, Format Version 11.00
# Visual Studio 2010
Project("{FAE04EC0-301F-11D3-BF4B-00C04F79EFBC}") = "LogFileMonitor", "LogFileMonitor\LogFileMonitor.csproj", "{55E40A8F-6876-4674-86D4-6463D6AA2B10}"
EndProject
Global
	GlobalSection(SolutionConfigurationPlatforms) = preSolution
		Debug|x86 = Debug|x86
		Release|x86 = Release|x86
	EndGlobalSection
	GlobalSection(ProjectConfigurationPlatforms) = postSolution
		{55E40A8F-6876-4674-86D4-6463D6AA2B10}.Debug|x86.ActiveCfg = Debug|x86
		{55E40A8F-6876-4674-86D4-6463D6AA2B10}.Debug|x86.Build.0 = Debug|x86
		{55E40A8F-6876-4674-86D4-6463D6AA2B10}.Release|x86.ActiveCfg = Release|x86
		{55E40A8F-6876-4674-86D4-6463D6AA2B10}.Release|x86.Build.0 = Release|x86
	EndGlobalSection
	GlobalSection(SolutionProperties) = preSolution
		HideSolutionNode = FALSE
	EndGlobalSection
EndGlobal
