
Microsoft Visual Studio Solution File, Format Version 11.00
# Visual Studio 2010
Project("{FAE04EC0-301F-11D3-BF4B-00C04F79EFBC}") = "ModSplit", "ModSplit\ModSplit.csproj", "{450EA01E-22A2-4428-819E-76BA1E892586}"
EndProject
Global
	GlobalSection(SolutionConfigurationPlatforms) = preSolution
		Debug|x86 = Debug|x86
		Release|x86 = Release|x86
	EndGlobalSection
	GlobalSection(ProjectConfigurationPlatforms) = postSolution
		{450EA01E-22A2-4428-819E-76BA1E892586}.Debug|x86.ActiveCfg = Debug|x86
		{450EA01E-22A2-4428-819E-76BA1E892586}.Debug|x86.Build.0 = Debug|x86
		{450EA01E-22A2-4428-819E-76BA1E892586}.Release|x86.ActiveCfg = Release|x86
		{450EA01E-22A2-4428-819E-76BA1E892586}.Release|x86.Build.0 = Release|x86
	EndGlobalSection
	GlobalSection(SolutionProperties) = preSolution
		HideSolutionNode = FALSE
	EndGlobalSection
EndGlobal
